{
  "version": "5",
  "specifiers": {
    "jsr:@hono/hono@^4.12.32": "4.12.32"
  },
  "jsr": {
    "@hono/hono@4.12.32": {
      "integrity": "e1274e968ee724176d7e35946c184d3cb8508f05e3f8ae6cee157c4f29ef148d"
    }
  },
  "workspace": {
    "dependencies": [
      "jsr:@hono/hono@^4.12.32"
    ]
  }
}
